
Microsoft Visual Studio Solution File, Format Version 12.00
# Visual Studio Version 17
VisualStudioVersion = 17.8.34330.188
MinimumVisualStudioVersion = 10.0.40219.1
Project("{FAE04EC0-301F-11D3-BF4B-00C04F79EFBC}") = "NET_MongoDB", "NET_MongoDB\NET_MongoDB.csproj", "{932646F2-E4DE-47BE-AB20-416CF17ED7B3}"
EndProject
Global
	GlobalSection(SolutionConfigurationPlatforms) = preSolution
		Debug|Any CPU = Debug|Any CPU
		Release|Any CPU = Release|Any CPU
	EndGlobalSection
	GlobalSection(ProjectConfigurationPlatforms) = postSolution
		{932646F2-E4DE-47BE-AB20-416CF17ED7B3}.Debug|Any CPU.ActiveCfg = Debug|Any CPU
		{932646F2-E4DE-47BE-AB20-416CF17ED7B3}.Debug|Any CPU.Build.0 = Debug|Any CPU
		{932646F2-E4DE-47BE-AB20-416CF17ED7B3}.Release|Any CPU.ActiveCfg = Release|Any CPU
		{932646F2-E4DE-47BE-AB20-416CF17ED7B3}.Release|Any CPU.Build.0 = Release|Any CPU
	EndGlobalSection
	GlobalSection(SolutionProperties) = preSolution
		HideSolutionNode = FALSE
	EndGlobalSection
	GlobalSection(ExtensibilityGlobals) = postSolution
		SolutionGuid = {0A483F4F-A8B4-4147-906E-79F23BA86D5A}
	EndGlobalSection
EndGlobal
